
Microsoft Visual Studio Solution File, Format Version 12.00
# Visual Studio Version 16
VisualStudioVersion = 16.0.30011.22
MinimumVisualStudioVersion = 10.0.40219.1
Project("{9A19103F-16F7-4668-BE54-9A1E7A4F7556}") = "LoanManagementSystemPrj", "LoanManagementSystemPrj\LoanManagementSystemPrj.csproj", "{641D8527-8619-4A89-BC17-6B0AF734282C}"
EndProject
Project("{FAE04EC0-301F-11D3-BF4B-00C04F79EFBC}") = "LoanManagementTesting", "LoanManagementTesting\LoanManagementTesting.csproj", "{E5EE1279-2A6B-4E3A-A621-02F9964F1CDD}"
EndProject
Global
	GlobalSection(SolutionConfigurationPlatforms) = preSolution
		Debug|Any CPU = Debug|Any CPU
		Release|Any CPU = Release|Any CPU
	EndGlobalSection
	GlobalSection(ProjectConfigurationPlatforms) = postSolution
		{641D8527-8619-4A89-BC17-6B0AF734282C}.Debug|Any CPU.ActiveCfg = Debug|Any CPU
		{641D8527-8619-4A89-BC17-6B0AF734282C}.Debug|Any CPU.Build.0 = Debug|Any CPU
		{641D8527-8619-4A89-BC17-6B0AF734282C}.Release|Any CPU.ActiveCfg = Release|Any CPU
		{641D8527-8619-4A89-BC17-6B0AF734282C}.Release|Any CPU.Build.0 = Release|Any CPU
		{E5EE1279-2A6B-4E3A-A621-02F9964F1CDD}.Debug|Any CPU.ActiveCfg = Debug|Any CPU
		{E5EE1279-2A6B-4E3A-A621-02F9964F1CDD}.Debug|Any CPU.Build.0 = Debug|Any CPU
		{E5EE1279-2A6B-4E3A-A621-02F9964F1CDD}.Release|Any CPU.ActiveCfg = Release|Any CPU
		{E5EE1279-2A6B-4E3A-A621-02F9964F1CDD}.Release|Any CPU.Build.0 = Release|Any CPU
	EndGlobalSection
	GlobalSection(SolutionProperties) = preSolution
		HideSolutionNode = FALSE
	EndGlobalSection
	GlobalSection(ExtensibilityGlobals) = postSolution
		SolutionGuid = {3C6C1974-075A-4D05-8C50-E42D9C08E2DC}
	EndGlobalSection
EndGlobal
